
Microsoft Visual Studio Solution File, Format Version 12.00
# Visual Studio Version 16
VisualStudioVersion = 16.0.31321.278
MinimumVisualStudioVersion = 10.0.40219.1
Project("{FAE04EC0-301F-11D3-BF4B-00C04F79EFBC}") = "CampoMinado", "CampoMinado.csproj", "{727FCB13-D5F4-4339-842C-2AB320585617}"
EndProject
Global
	GlobalSection(SolutionConfigurationPlatforms) = preSolution
		Debug|Any CPU = Debug|Any CPU
		Release|Any CPU = Release|Any CPU
	EndGlobalSection
	GlobalSection(ProjectConfigurationPlatforms) = postSolution
		{727FCB13-D5F4-4339-842C-2AB320585617}.Debug|Any CPU.ActiveCfg = Debug|Any CPU
		{727FCB13-D5F4-4339-842C-2AB320585617}.Debug|Any CPU.Build.0 = Debug|Any CPU
		{727FCB13-D5F4-4339-842C-2AB320585617}.Release|Any CPU.ActiveCfg = Release|Any CPU
		{727FCB13-D5F4-4339-842C-2AB320585617}.Release|Any CPU.Build.0 = Release|Any CPU
	EndGlobalSection
	GlobalSection(SolutionProperties) = preSolution
		HideSolutionNode = FALSE
	EndGlobalSection
	GlobalSection(ExtensibilityGlobals) = postSolution
		SolutionGuid = {982E65AC-9B0E-4EDB-BBAF-35E5D6AE8B42}
	EndGlobalSection
EndGlobal
